{
  "name": "poseknows",
  "lockfileVersion": 2,
  "requires": true,
  "packages": {
    "": {
      "dependencies": {
        "knear": "^0.0.5"
      }
    },
    "node_modules/knear": {
      "version": "0.0.5",
      "resolved": "https://registry.npmjs.org/knear/-/knear-0.0.5.tgz",
      "integrity": "sha512-qusd6MH6kZr+mdbLy+Y/yqkcI2NE7BRfs5dye2W0qm7ks2JqEcvFD1laLRiRHxwXsc4T1oZ05Zf6X7jUM9x3og=="
    }
  },
  "dependencies": {
    "knear": {
      "version": "0.0.5",
      "resolved": "https://registry.npmjs.org/knear/-/knear-0.0.5.tgz",
      "integrity": "sha512-qusd6MH6kZr+mdbLy+Y/yqkcI2NE7BRfs5dye2W0qm7ks2JqEcvFD1laLRiRHxwXsc4T1oZ05Zf6X7jUM9x3og=="
    }
  }
}
